
Microsoft Visual Studio Solution File, Format Version 12.00
# Visual Studio Version 17
VisualStudioVersion = 17.13.35617.110
MinimumVisualStudioVersion = 10.0.40219.1
Project("{FAE04EC0-301F-11D3-BF4B-00C04F79EFBC}") = "Plumber.Mvc", "Plumber.Mvc\Plumber.Mvc.csproj", "{1ECCA002-DE27-4A14-8EEB-D992B162C221}"
EndProject
Project("{FAE04EC0-301F-11D3-BF4B-00C04F79EFBC}") = "Plumber.Bl", "Plumber.Bl\Plumber.Bl.csproj", "{145300F5-3FFD-4A5F-9E84-EA846AF5DF68}"
EndProject
Project("{FAE04EC0-301F-11D3-BF4B-00C04F79EFBC}") = "Plumber.Data", "Plumber.Data\Plumber.Data.csproj", "{53A2B347-1603-4C9F-852A-E52DFAF09163}"
EndProject
Project("{FAE04EC0-301F-11D3-BF4B-00C04F79EFBC}") = "Plumber.Core", "Plumber.Core\Plumber.Core.csproj", "{A6D4B51F-7A77-4C8E-A234-253364F42EEF}"
EndProject
Global
	GlobalSection(SolutionConfigurationPlatforms) = preSolution
		Debug|Any CPU = Debug|Any CPU
		Release|Any CPU = Release|Any CPU
	EndGlobalSection
	GlobalSection(ProjectConfigurationPlatforms) = postSolution
		{1ECCA002-DE27-4A14-8EEB-D992B162C221}.Debug|Any CPU.ActiveCfg = Debug|Any CPU
		{1ECCA002-DE27-4A14-8EEB-D992B162C221}.Debug|Any CPU.Build.0 = Debug|Any CPU
		{1ECCA002-DE27-4A14-8EEB-D992B162C221}.Release|Any CPU.ActiveCfg = Release|Any CPU
		{1ECCA002-DE27-4A14-8EEB-D992B162C221}.Release|Any CPU.Build.0 = Release|Any CPU
		{145300F5-3FFD-4A5F-9E84-EA846AF5DF68}.Debug|Any CPU.ActiveCfg = Debug|Any CPU
		{145300F5-3FFD-4A5F-9E84-EA846AF5DF68}.Debug|Any CPU.Build.0 = Debug|Any CPU
		{145300F5-3FFD-4A5F-9E84-EA846AF5DF68}.Release|Any CPU.ActiveCfg = Release|Any CPU
		{145300F5-3FFD-4A5F-9E84-EA846AF5DF68}.Release|Any CPU.Build.0 = Release|Any CPU
		{53A2B347-1603-4C9F-852A-E52DFAF09163}.Debug|Any CPU.ActiveCfg = Debug|Any CPU
		{53A2B347-1603-4C9F-852A-E52DFAF09163}.Debug|Any CPU.Build.0 = Debug|Any CPU
		{53A2B347-1603-4C9F-852A-E52DFAF09163}.Release|Any CPU.ActiveCfg = Release|Any CPU
		{53A2B347-1603-4C9F-852A-E52DFAF09163}.Release|Any CPU.Build.0 = Release|Any CPU
		{A6D4B51F-7A77-4C8E-A234-253364F42EEF}.Debug|Any CPU.ActiveCfg = Debug|Any CPU
		{A6D4B51F-7A77-4C8E-A234-253364F42EEF}.Debug|Any CPU.Build.0 = Debug|Any CPU
		{A6D4B51F-7A77-4C8E-A234-253364F42EEF}.Release|Any CPU.ActiveCfg = Release|Any CPU
		{A6D4B51F-7A77-4C8E-A234-253364F42EEF}.Release|Any CPU.Build.0 = Release|Any CPU
	EndGlobalSection
	GlobalSection(SolutionProperties) = preSolution
		HideSolutionNode = FALSE
	EndGlobalSection
	GlobalSection(ExtensibilityGlobals) = postSolution
		SolutionGuid = {B2DAB5F4-13B6-4A90-BBD7-E8486D7A7793}
	EndGlobalSection
EndGlobal
